
Microsoft Visual Studio Solution File, Format Version 12.00
# Visual Studio Version 16
VisualStudioVersion = 16.0.29418.71
MinimumVisualStudioVersion = 10.0.40219.1
Project("{FAE04EC0-301F-11D3-BF4B-00C04F79EFBC}") = "Client", "Client\Client.csproj", "{065645E4-8CB9-4C65-B904-30ADE57CAF0D}"
EndProject
Project("{FAE04EC0-301F-11D3-BF4B-00C04F79EFBC}") = "Shared-Library", "..\shared-library\Shared-Library\Shared-Library\Shared-Library.csproj", "{42501374-B923-49C0-A616-22F9B6B6F7D7}"
EndProject
Global
	GlobalSection(SolutionConfigurationPlatforms) = preSolution
		Debug|Any CPU = Debug|Any CPU
		Release|Any CPU = Release|Any CPU
	EndGlobalSection
	GlobalSection(ProjectConfigurationPlatforms) = postSolution
		{065645E4-8CB9-4C65-B904-30ADE57CAF0D}.Debug|Any CPU.ActiveCfg = Debug|Any CPU
		{065645E4-8CB9-4C65-B904-30ADE57CAF0D}.Debug|Any CPU.Build.0 = Debug|Any CPU
		{065645E4-8CB9-4C65-B904-30ADE57CAF0D}.Release|Any CPU.ActiveCfg = Release|Any CPU
		{065645E4-8CB9-4C65-B904-30ADE57CAF0D}.Release|Any CPU.Build.0 = Release|Any CPU
		{42501374-B923-49C0-A616-22F9B6B6F7D7}.Debug|Any CPU.ActiveCfg = Debug|Any CPU
		{42501374-B923-49C0-A616-22F9B6B6F7D7}.Debug|Any CPU.Build.0 = Debug|Any CPU
		{42501374-B923-49C0-A616-22F9B6B6F7D7}.Release|Any CPU.ActiveCfg = Release|Any CPU
		{42501374-B923-49C0-A616-22F9B6B6F7D7}.Release|Any CPU.Build.0 = Release|Any CPU
	EndGlobalSection
	GlobalSection(SolutionProperties) = preSolution
		HideSolutionNode = FALSE
	EndGlobalSection
	GlobalSection(ExtensibilityGlobals) = postSolution
		SolutionGuid = {DE249EC6-3183-4718-9A21-930F59B8BE61}
	EndGlobalSection
EndGlobal
